// !$*UTF8*$!
{
	archiveVersion = 1;
	classes = {
	};
	objectVersion = 50;
	objects = {

/* Begin PBXBuildFile section */
		B55FF68D214A4CE5003676DD /* AppDelegate.swift in Sources */ = {isa = PBXBuildFile; fileRef = B55FF68C214A4CE5003676DD /* AppDelegate.swift */; };
		B55FF68F214A4CE5003676DD /* ViewController.swift in Sources */ = {isa = PBXBuildFile; fileRef = B55FF68E214A4CE5003676DD /* ViewController.swift */; };
		B55FF692214A4CE5003676DD /* Main.storyboard in Resources */ = {isa = PBXBuildFile; fileRef = B55FF690214A4CE5003676DD /* Main.storyboard */; };
		B55FF694214A4CE8003676DD /* Assets.xcassets in Resources */ = {isa = PBXBuildFile; fileRef = B55FF693214A4CE8003676DD /* Assets.xcassets */; };
		B55FF697214A4CE8003676DD /* LaunchScreen.storyboard in Resources */ = {isa = PBXBuildFile; fileRef = B55FF695214A4CE8003676DD /* LaunchScreen.storyboard */; };
		B55FF6A2214A4CE8003676DD /* oreconTests.swift in Sources */ = {isa = PBXBuildFile; fileRef = B55FF6A1214A4CE8003676DD /* oreconTests.swift */; };
		B55FF6AD214A4CE8003676DD /* oreconUITests.swift in Sources */ = {isa = PBXBuildFile; fileRef = B55FF6AC214A4CE8003676DD /* oreconUITests.swift */; };
		B55FF6BB214A5187003676DD /* PurchaseValidator.swift in Sources */ = {isa = PBXBuildFile; fileRef = B55FF6BA214A5187003676DD /* PurchaseValidator.swift */; };
		B55FF6BD214A53D6003676DD /* PurchaseValidatorTests.swift in Sources */ = {isa = PBXBuildFile; fileRef = B55FF6BC214A53D6003676DD /* PurchaseValidatorTests.swift */; };
/* End PBXBuildFile section */

/* Begin PBXContainerItemProxy section */
		B55FF69E214A4CE8003676DD /* PBXContainerItemProxy */ = {
			isa = PBXContainerItemProxy;
			containerPortal = B55FF681214A4CE5003676DD /* Project object */;
			proxyType = 1;
			remoteGlobalIDString = B55FF688214A4CE5003676DD;
			remoteInfo = orecon;
		};
		B55FF6A9214A4CE8003676DD /* PBXContainerItemProxy */ = {
			isa = PBXContainerItemProxy;
			containerPortal = B55FF681214A4CE5003676DD /* Project object */;
			proxyType = 1;
			remoteGlobalIDString = B55FF688214A4CE5003676DD;
			remoteInfo = orecon;
		};
/* End PBXContainerItemProxy section */

/* Begin PBXFileReference section */
		B55FF689214A4CE5003676DD /* orecon.app */ = {isa = PBXFileReference; explicitFileType = wrapper.application; includeInIndex = 0; path = orecon.app; sourceTree = BUILT_PRODUCTS_DIR; };
		B55FF68C214A4CE5003676DD /* AppDelegate.swift */ = {isa = PBXFileReference; lastKnownFileType = sourcecode.swift; path = AppDelegate.swift; sourceTree = "<group>"; };
		B55FF68E214A4CE5003676DD /* ViewController.swift */ = {isa = PBXFileReference; lastKnownFileType = sourcecode.swift; path = ViewController.swift; sourceTree = "<group>"; };
		B55FF691214A4CE5003676DD /* Base */ = {isa = PBXFileReference; lastKnownFileType = file.storyboard; name = Base; path = Base.lproj/Main.storyboard; sourceTree = "<group>"; };
		B55FF693214A4CE8003676DD /* Assets.xcassets */ = {isa = PBXFileReference; lastKnownFileType = folder.assetcatalog; path = Assets.xcassets; sourceTree = "<group>"; };
		B55FF696214A4CE8003676DD /* Base */ = {isa = PBXFileReference; lastKnownFileType = file.storyboard; name = Base; path = Base.lproj/LaunchScreen.storyboard; sourceTree = "<group>"; };
		B55FF698214A4CE8003676DD /* Info.plist */ = {isa = PBXFileReference; lastKnownFileType = text.plist.xml; path = Info.plist; sourceTree = "<group>"; };
		B55FF69D214A4CE8003676DD /* oreconTests.xctest */ = {isa = PBXFileReference; explicitFileType = wrapper.cfbundle; includeInIndex = 0; path = oreconTests.xctest; sourceTree = BUILT_PRODUCTS_DIR; };
		B55FF6A1214A4CE8003676DD /* oreconTests.swift */ = {isa = PBXFileReference; lastKnownFileType = sourcecode.swift; path = oreconTests.swift; sourceTree = "<group>"; };
		B55FF6A3214A4CE8003676DD /* Info.plist */ = {isa = PBXFileReference; lastKnownFileType = text.plist.xml; path = Info.plist; sourceTree = "<group>"; };
		B55FF6A8214A4CE8003676DD /* oreconUITests.xctest */ = {isa = PBXFileReference; explicitFileType = wrapper.cfbundle; includeInIndex = 0; path = oreconUITests.xctest; sourceTree = BUILT_PRODUCTS_DIR; };
		B55FF6AC214A4CE8003676DD /* oreconUITests.swift */ = {isa = PBXFileReference; lastKnownFileType = sourcecode.swift; path = oreconUITests.swift; sourceTree = "<group>"; };
		B55FF6AE214A4CE8003676DD /* Info.plist */ = {isa = PBXFileReference; lastKnownFileType = text.plist.xml; path = Info.plist; sourceTree = "<group>"; };
		B55FF6BA214A5187003676DD /* PurchaseValidator.swift */ = {isa = PBXFileReference; lastKnownFileType = sourcecode.swift; path = PurchaseValidator.swift; sourceTree = "<group>"; };
		B55FF6BC214A53D6003676DD /* PurchaseValidatorTests.swift */ = {isa = PBXFileReference; lastKnownFileType = sourcecode.swift; path = PurchaseValidatorTests.swift; sourceTree = "<group>"; };
/* End PBXFileReference section */

/* Begin PBXFrameworksBuildPhase section */
		B55FF686214A4CE5003676DD /* Frameworks */ = {
			isa = PBXFrameworksBuildPhase;
			buildActionMask = 2147483647;
			files = (
			);
			runOnlyForDeploymentPostprocessing = 0;
		};
		B55FF69A214A4CE8003676DD /* Frameworks */ = {
			isa = PBXFrameworksBuildPhase;
			buildActionMask = 2147483647;
			files = (
			);
			runOnlyForDeploymentPostprocessing = 0;
		};
		B55FF6A5214A4CE8003676DD /* Frameworks */ = {
			isa = PBXFrameworksBuildPhase;
			buildActionMask = 2147483647;
			files = (
			);
			runOnlyForDeploymentPostprocessing = 0;
		};
/* End PBXFrameworksBuildPhase section */

/* Begin PBXGroup section */
		B55FF680214A4CE5003676DD = {
			isa = PBXGroup;
			children = (
				B55FF68B214A4CE5003676DD /* orecon */,
				B55FF6A0214A4CE8003676DD /* oreconTests */,
				B55FF6AB214A4CE8003676DD /* oreconUITests */,
				B55FF68A214A4CE5003676DD /* Products */,
			);
			sourceTree = "<group>";
		};
		B55FF68A214A4CE5003676DD /* Products */ = {
			isa = PBXGroup;
			children = (
				B55FF689214A4CE5003676DD /* orecon.app */,
				B55FF69D214A4CE8003676DD /* oreconTests.xctest */,
				B55FF6A8214A4CE8003676DD /* oreconUITests.xctest */,
			);
			name = Products;
			sourceTree = "<group>";
		};
		B55FF68B214A4CE5003676DD /* orecon */ = {
			isa = PBXGroup;
			children = (
				B55FF68C214A4CE5003676DD /* AppDelegate.swift */,
				B55FF68E214A4CE5003676DD /* ViewController.swift */,
				B55FF6BA214A5187003676DD /* PurchaseValidator.swift */,
				B55FF690214A4CE5003676DD /* Main.storyboard */,
				B55FF693214A4CE8003676DD /* Assets.xcassets */,
				B55FF695214A4CE8003676DD /* LaunchScreen.storyboard */,
				B55FF698214A4CE8003676DD /* Info.plist */,
			);
			path = orecon;
			sourceTree = "<group>";
		};
		B55FF6A0214A4CE8003676DD /* oreconTests */ = {
			isa = PBXGroup;
			children = (
				B55FF6A1214A4CE8003676DD /* oreconTests.swift */,
				B55FF6BC214A53D6003676DD /* PurchaseValidatorTests.swift */,
				B55FF6A3214A4CE8003676DD /* Info.plist */,
			);
			path = oreconTests;
			sourceTree = "<group>";
		};
		B55FF6AB214A4CE8003676DD /* oreconUITests */ = {
			isa = PBXGroup;
			children = (
				B55FF6AC214A4CE8003676DD /* oreconUITests.swift */,
				B55FF6AE214A4CE8003676DD /* Info.plist */,
			);
			path = oreconUITests;
			sourceTree = "<group>";
		};
/* End PBXGroup section */

/* Begin PBXNativeTarget section */
		B55FF688214A4CE5003676DD /* orecon */ = {
			isa = PBXNativeTarget;
			buildConfigurationList = B55FF6B1214A4CE8003676DD /* Build configuration list for PBXNativeTarget "orecon" */;
			buildPhases = (
				B55FF685214A4CE5003676DD /* Sources */,
				B55FF686214A4CE5003676DD /* Frameworks */,
				B55FF687214A4CE5003676DD /* Resources */,
			);
			buildRules = (
			);
			dependencies = (
			);
			name = orecon;
			productName = orecon;
			productReference = B55FF689214A4CE5003676DD /* orecon.app */;
			productType = "com.apple.product-type.application";
		};
		B55FF69C214A4CE8003676DD /* oreconTests */ = {
			isa = PBXNativeTarget;
			buildConfigurationList = B55FF6B4214A4CE8003676DD /* Build configuration list for PBXNativeTarget "oreconTests" */;
			buildPhases = (
				B55FF699214A4CE8003676DD /* Sources */,
				B55FF69A214A4CE8003676DD /* Frameworks */,
				B55FF69B214A4CE8003676DD /* Resources */,
			);
			buildRules = (
			);
			dependencies = (
				B55FF69F214A4CE8003676DD /* PBXTargetDependency */,
			);
			name = oreconTests;
			productName = oreconTests;
			productReference = B55FF69D214A4CE8003676DD /* oreconTests.xctest */;
			productType = "com.apple.product-type.bundle.unit-test";
		};
		B55FF6A7214A4CE8003676DD /* oreconUITests */ = {
			isa = PBXNativeTarget;
			buildConfigurationList = B55FF6B7214A4CE8003676DD /* Build configuration list for PBXNativeTarget "oreconUITests" */;
			buildPhases = (
				B55FF6A4214A4CE8003676DD /* Sources */,
				B55FF6A5214A4CE8003676DD /* Frameworks */,
				B55FF6A6214A4CE8003676DD /* Resources */,
			);
			buildRules = (
			);
			dependencies = (
				B55FF6AA214A4CE8003676DD /* PBXTargetDependency */,
			);
			name = oreconUITests;
			productName = oreconUITests;
			productReference = B55FF6A8214A4CE8003676DD /* oreconUITests.xctest */;
			productType = "com.apple.product-type.bundle.ui-testing";
		};
/* End PBXNativeTarget section */

/* Begin PBXProject section */
		B55FF681214A4CE5003676DD /* Project object */ = {
			isa = PBXProject;
			attributes = {
				LastSwiftUpdateCheck = 0940;
				LastUpgradeCheck = 0940;
				ORGANIZATIONNAME = "Kenji Tanaka";
				TargetAttributes = {
					B55FF688214A4CE5003676DD = {
						CreatedOnToolsVersion = 9.4.1;
					};
					B55FF69C214A4CE8003676DD = {
						CreatedOnToolsVersion = 9.4.1;
						TestTargetID = B55FF688214A4CE5003676DD;
					};
					B55FF6A7214A4CE8003676DD = {
						CreatedOnToolsVersion = 9.4.1;
						TestTargetID = B55FF688214A4CE5003676DD;
					};
				};
			};
			buildConfigurationList = B55FF684214A4CE5003676DD /* Build configuration list for PBXProject "orecon" */;
			compatibilityVersion = "Xcode 9.3";
			developmentRegion = en;
			hasScannedForEncodings = 0;
			knownRegions = (
				en,
				Base,
			);
			mainGroup = B55FF680214A4CE5003676DD;
			productRefGroup = B55FF68A214A4CE5003676DD /* Products */;
			projectDirPath = "";
			projectRoot = "";
			targets = (
				B55FF688214A4CE5003676DD /* orecon */,
				B55FF69C214A4CE8003676DD /* oreconTests */,
				B55FF6A7214A4CE8003676DD /* oreconUITests */,
			);
		};
/* End PBXProject section */

/* Begin PBXResourcesBuildPhase section */
		B55FF687214A4CE5003676DD /* Resources */ = {
			isa = PBXResourcesBuildPhase;
			buildActionMask = 2147483647;
			files = (
				B55FF697214A4CE8003676DD /* LaunchScreen.storyboard in Resources */,
				B55FF694214A4CE8003676DD /* Assets.xcassets in Resources */,
				B55FF692214A4CE5003676DD /* Main.storyboard in Resources */,
			);
			runOnlyForDeploymentPostprocessing = 0;
		};
		B55FF69B214A4CE8003676DD /* Resources */ = {
			isa = PBXResourcesBuildPhase;
			buildActionMask = 2147483647;
			files = (
			);
			runOnlyForDeploymentPostprocessing = 0;
		};
		B55FF6A6214A4CE8003676DD /* Resources */ = {
			isa = PBXResourcesBuildPhase;
			buildActionMask = 2147483647;
			files = (
			);
			runOnlyForDeploymentPostprocessing = 0;
		};
/* End PBXResourcesBuildPhase section */

/* Begin PBXSourcesBuildPhase section */
		B55FF685214A4CE5003676DD /* Sources */ = {
			isa = PBXSourcesBuildPhase;
			buildActionMask = 2147483647;
			files = (
				B55FF68F214A4CE5003676DD /* ViewController.swift in Sources */,
				B55FF6BB214A5187003676DD /* PurchaseValidator.swift in Sources */,
				B55FF68D214A4CE5003676DD /* AppDelegate.swift in Sources */,
			);
			runOnlyForDeploymentPostprocessing = 0;
		};
		B55FF699214A4CE8003676DD /* Sources */ = {
			isa = PBXSourcesBuildPhase;
			buildActionMask = 2147483647;
			files = (
				B55FF6A2214A4CE8003676DD /* oreconTests.swift in Sources */,
				B55FF6BD214A53D6003676DD /* PurchaseValidatorTests.swift in Sources */,
			);
			runOnlyForDeploymentPostprocessing = 0;
		};
		B55FF6A4214A4CE8003676DD /* Sources */ = {
			isa = PBXSourcesBuildPhase;
			buildActionMask = 2147483647;
			files = (
				B55FF6AD214A4CE8003676DD /* oreconUITests.swift in Sources */,
			);
			runOnlyForDeploymentPostprocessing = 0;
		};
/* End PBXSourcesBuildPhase section */

/* Begin PBXTargetDependency section */
		B55FF69F214A4CE8003676DD /* PBXTargetDependency */ = {
			isa = PBXTargetDependency;
			target = B55FF688214A4CE5003676DD /* orecon */;
			targetProxy = B55FF69E214A4CE8003676DD /* PBXContainerItemProxy */;
		};
		B55FF6AA214A4CE8003676DD /* PBXTargetDependency */ = {
			isa = PBXTargetDependency;
			target = B55FF688214A4CE5003676DD /* orecon */;
			targetProxy = B55FF6A9214A4CE8003676DD /* PBXContainerItemProxy */;
		};
/* End PBXTargetDependency section */

/* Begin PBXVariantGroup section */
		B55FF690214A4CE5003676DD /* Main.storyboard */ = {
			isa = PBXVariantGroup;
			children = (
				B55FF691214A4CE5003676DD /* Base */,
			);
			name = Main.storyboard;
			sourceTree = "<group>";
		};
		B55FF695214A4CE8003676DD /* LaunchScreen.storyboard */ = {
			isa = PBXVariantGroup;
			children = (
				B55FF696214A4CE8003676DD /* Base */,
			);
			name = LaunchScreen.storyboard;
			sourceTree = "<group>";
		};
/* End PBXVariantGroup section */

/* Begin XCBuildConfiguration section */
		B55FF6AF214A4CE8003676DD /* Debug */ = {
			isa = XCBuildConfiguration;
			buildSettings = {
				ALWAYS_SEARCH_USER_PATHS = NO;
				CLANG_ANALYZER_NONNULL = YES;
				CLANG_ANALYZER_NUMBER_OBJECT_CONVERSION = YES_AGGRESSIVE;
				CLANG_CXX_LANGUAGE_STANDARD = "gnu++14";
				CLANG_CXX_LIBRARY = "libc++";
				CLANG_ENABLE_MODULES = YES;
				CLANG_ENABLE_OBJC_ARC = YES;
				CLANG_ENABLE_OBJC_WEAK = YES;
				CLANG_WARN_BLOCK_CAPTURE_AUTORELEASING = YES;
				CLANG_WARN_BOOL_CONVERSION = YES;
				CLANG_WARN_COMMA = YES;
				CLANG_WARN_CONSTANT_CONVERSION = YES;
				CLANG_WARN_DEPRECATED_OBJC_IMPLEMENTATIONS = YES;
				CLANG_WARN_DIRECT_OBJC_ISA_USAGE = YES_ERROR;
				CLANG_WARN_DOCUMENTATION_COMMENTS = YES;
				CLANG_WARN_EMPTY_BODY = YES;
				CLANG_WARN_ENUM_CONVERSION = YES;
				CLANG_WARN_INFINITE_RECURSION = YES;
				CLANG_WARN_INT_CONVERSION = YES;
				CLANG_WARN_NON_LITERAL_NULL_CONVERSION = YES;
				CLANG_WARN_OBJC_IMPLICIT_RETAIN_SELF = YES;
				CLANG_WARN_OBJC_LITERAL_CONVERSION = YES;
				CLANG_WARN_OBJC_ROOT_CLASS = YES_ERROR;
				CLANG_WARN_RANGE_LOOP_ANALYSIS = YES;
				CLANG_WARN_STRICT_PROTOTYPES = YES;
				CLANG_WARN_SUSPICIOUS_MOVE = YES;
				CLANG_WARN_UNGUARDED_AVAILABILITY = YES_AGGRESSIVE;
				CLANG_WARN_UNREACHABLE_CODE = YES;
				CLANG_WARN__DUPLICATE_METHOD_MATCH = YES;
				CODE_SIGN_IDENTITY = "iPhone Developer";
				COPY_PHASE_STRIP = NO;
				DEBUG_INFORMATION_FORMAT = dwarf;
				ENABLE_STRICT_OBJC_MSGSEND = YES;
				ENABLE_TESTABILITY = YES;
				GCC_C_LANGUAGE_STANDARD = gnu11;
				GCC_DYNAMIC_NO_PIC = NO;
				GCC_NO_COMMON_BLOCKS = YES;
				GCC_OPTIMIZATION_LEVEL = 0;
				GCC_PREPROCESSOR_DEFINITIONS = (
					"DEBUG=1",
					"$(inherited)",
				);
				GCC_WARN_64_TO_32_BIT_CONVERSION = YES;
				GCC_WARN_ABOUT_RETURN_TYPE = YES_ERROR;
				GCC_WARN_UNDECLARED_SELECTOR = YES;
				GCC_WARN_UNINITIALIZED_AUTOS = YES_AGGRESSIVE;
				GCC_WARN_UNUSED_FUNCTION = YES;
				GCC_WARN_UNUSED_VARIABLE = YES;
				IPHONEOS_DEPLOYMENT_TARGET = 11.4;
				MTL_ENABLE_DEBUG_INFO = YES;
				ONLY_ACTIVE_ARCH = YES;
				SDKROOT = iphoneos;
				SWIFT_ACTIVE_COMPILATION_CONDITIONS = DEBUG;
				SWIFT_OPTIMIZATION_LEVEL = "-Onone";
			};
			name = Debug;
		};
		B55FF6B0214A4CE8003676DD /* Release */ = {
			isa = XCBuildConfiguration;
			buildSettings = {
				ALWAYS_SEARCH_USER_PATHS = NO;
				CLANG_ANALYZER_NONNULL = YES;
				CLANG_ANALYZER_NUMBER_OBJECT_CONVERSION = YES_AGGRESSIVE;
				CLANG_CXX_LANGUAGE_STANDARD = "gnu++14";
				CLANG_CXX_LIBRARY = "libc++";
				CLANG_ENABLE_MODULES = YES;
				CLANG_ENABLE_OBJC_ARC = YES;
				CLANG_ENABLE_OBJC_WEAK = YES;
				CLANG_WARN_BLOCK_CAPTURE_AUTORELEASING = YES;
				CLANG_WARN_BOOL_CONVERSION = YES;
				CLANG_WARN_COMMA = YES;
				CLANG_WARN_CONSTANT_CONVERSION = YES;
				CLANG_WARN_DEPRECATED_OBJC_IMPLEMENTATIONS = YES;
				CLANG_WARN_DIRECT_OBJC_ISA_USAGE = YES_ERROR;
				CLANG_WARN_DOCUMENTATION_COMMENTS = YES;
				CLANG_WARN_EMPTY_BODY = YES;
				CLANG_WARN_ENUM_CONVERSION = YES;
				CLANG_WARN_INFINITE_RECURSION = YES;
				CLANG_WARN_INT_CONVERSION = YES;
				CLANG_WARN_NON_LITERAL_NULL_CONVERSION = YES;
				CLANG_WARN_OBJC_IMPLICIT_RETAIN_SELF = YES;
				CLANG_WARN_OBJC_LITERAL_CONVERSION = YES;
				CLANG_WARN_OBJC_ROOT_CLASS = YES_ERROR;
				CLANG_WARN_RANGE_LOOP_ANALYSIS = YES;
				CLANG_WARN_STRICT_PROTOTYPES = YES;
				CLANG_WARN_SUSPICIOUS_MOVE = YES;
				CLANG_WARN_UNGUARDED_AVAILABILITY = YES_AGGRESSIVE;
				CLANG_WARN_UNREACHABLE_CODE = YES;
				CLANG_WARN__DUPLICATE_METHOD_MATCH = YES;
				CODE_SIGN_IDENTITY = "iPhone Developer";
				COPY_PHASE_STRIP = NO;
				DEBUG_INFORMATION_FORMAT = "dwarf-with-dsym";
				ENABLE_NS_ASSERTIONS = NO;
				ENABLE_STRICT_OBJC_MSGSEND = YES;
				GCC_C_LANGUAGE_STANDARD = gnu11;
				GCC_NO_COMMON_BLOCKS = YES;
				GCC_WARN_64_TO_32_BIT_CONVERSION = YES;
				GCC_WARN_ABOUT_RETURN_TYPE = YES_ERROR;
				GCC_WARN_UNDECLARED_SELECTOR = YES;
				GCC_WARN_UNINITIALIZED_AUTOS = YES_AGGRESSIVE;
				GCC_WARN_UNUSED_FUNCTION = YES;
				GCC_WARN_UNUSED_VARIABLE = YES;
				IPHONEOS_DEPLOYMENT_TARGET = 11.4;
				MTL_ENABLE_DEBUG_INFO = NO;
				SDKROOT = iphoneos;
				SWIFT_COMPILATION_MODE = wholemodule;
				SWIFT_OPTIMIZATION_LEVEL = "-O";
				VALIDATE_PRODUCT = YES;
			};
			name = Release;
		};
		B55FF6B2214A4CE8003676DD /* Debug */ = {
			isa = XCBuildConfiguration;
			buildSettings = {
				ASSETCATALOG_COMPILER_APPICON_NAME = AppIcon;
				CODE_SIGN_STYLE = Automatic;
				DEVELOPMENT_TEAM = 56KTEVCFAJ;
				INFOPLIST_FILE = orecon/Info.plist;
				LD_RUNPATH_SEARCH_PATHS = (
					"$(inherited)",
					"@executable_path/Frameworks",
				);
				PRODUCT_BUNDLE_IDENTIFIER = com.ktanaka117.orecon;
				PRODUCT_NAME = "$(TARGET_NAME)";
				SWIFT_VERSION = 4.0;
				TARGETED_DEVICE_FAMILY = "1,2";
			};
			name = Debug;
		};
		B55FF6B3214A4CE8003676DD /* Release */ = {
			isa = XCBuildConfiguration;
			buildSettings = {
				ASSETCATALOG_COMPILER_APPICON_NAME = AppIcon;
				CODE_SIGN_STYLE = Automatic;
				DEVELOPMENT_TEAM = 56KTEVCFAJ;
				INFOPLIST_FILE = orecon/Info.plist;
				LD_RUNPATH_SEARCH_PATHS = (
					"$(inherited)",
					"@executable_path/Frameworks",
				);
				PRODUCT_BUNDLE_IDENTIFIER = com.ktanaka117.orecon;
				PRODUCT_NAME = "$(TARGET_NAME)";
				SWIFT_VERSION = 4.0;
				TARGETED_DEVICE_FAMILY = "1,2";
			};
			name = Release;
		};
		B55FF6B5214A4CE8003676DD /* Debug */ = {
			isa = XCBuildConfiguration;
			buildSettings = {
				ALWAYS_EMBED_SWIFT_STANDARD_LIBRARIES = YES;
				BUNDLE_LOADER = "$(TEST_HOST)";
				CODE_SIGN_STYLE = Automatic;
				INFOPLIST_FILE = oreconTests/Info.plist;
				LD_RUNPATH_SEARCH_PATHS = (
					"$(inherited)",
					"@executable_path/Frameworks",
					"@loader_path/Frameworks",
				);
				PRODUCT_BUNDLE_IDENTIFIER = com.ktanaka117.oreconTests;
				PRODUCT_NAME = "$(TARGET_NAME)";
				SWIFT_VERSION = 4.0;
				TARGETED_DEVICE_FAMILY = "1,2";
				TEST_HOST = "$(BUILT_PRODUCTS_DIR)/orecon.app/orecon";
			};
			name = Debug;
		};
		B55FF6B6214A4CE8003676DD /* Release */ = {
			isa = XCBuildConfiguration;
			buildSettings = {
				ALWAYS_EMBED_SWIFT_STANDARD_LIBRARIES = YES;
				BUNDLE_LOADER = "$(TEST_HOST)";
				CODE_SIGN_STYLE = Automatic;
				INFOPLIST_FILE = oreconTests/Info.plist;
				LD_RUNPATH_SEARCH_PATHS = (
					"$(inherited)",
					"@executable_path/Frameworks",
					"@loader_path/Frameworks",
				);
				PRODUCT_BUNDLE_IDENTIFIER = com.ktanaka117.oreconTests;
				PRODUCT_NAME = "$(TARGET_NAME)";
				SWIFT_VERSION = 4.0;
				TARGETED_DEVICE_FAMILY = "1,2";
				TEST_HOST = "$(BUILT_PRODUCTS_DIR)/orecon.app/orecon";
			};
			name = Release;
		};
		B55FF6B8214A4CE8003676DD /* Debug */ = {
			isa = XCBuildConfiguration;
			buildSettings = {
				ALWAYS_EMBED_SWIFT_STANDARD_LIBRARIES = YES;
				CODE_SIGN_STYLE = Automatic;
				INFOPLIST_FILE = oreconUITests/Info.plist;
				LD_RUNPATH_SEARCH_PATHS = (
					"$(inherited)",
					"@executable_path/Frameworks",
					"@loader_path/Frameworks",
				);
				PRODUCT_BUNDLE_IDENTIFIER = com.ktanaka117.oreconUITests;
				PRODUCT_NAME = "$(TARGET_NAME)";
				SWIFT_VERSION = 4.0;
				TARGETED_DEVICE_FAMILY = "1,2";
				TEST_TARGET_NAME = orecon;
			};
			name = Debug;
		};
		B55FF6B9214A4CE8003676DD /* Release */ = {
			isa = XCBuildConfiguration;
			buildSettings = {
				ALWAYS_EMBED_SWIFT_STANDARD_LIBRARIES = YES;
				CODE_SIGN_STYLE = Automatic;
				INFOPLIST_FILE = oreconUITests/Info.plist;
				LD_RUNPATH_SEARCH_PATHS = (
					"$(inherited)",
					"@executable_path/Frameworks",
					"@loader_path/Frameworks",
				);
				PRODUCT_BUNDLE_IDENTIFIER = com.ktanaka117.oreconUITests;
				PRODUCT_NAME = "$(TARGET_NAME)";
				SWIFT_VERSION = 4.0;
				TARGETED_DEVICE_FAMILY = "1,2";
				TEST_TARGET_NAME = orecon;
			};
			name = Release;
		};
/* End XCBuildConfiguration section */

/* Begin XCConfigurationList section */
		B55FF684214A4CE5003676DD /* Build configuration list for PBXProject "orecon" */ = {
			isa = XCConfigurationList;
			buildConfigurations = (
				B55FF6AF214A4CE8003676DD /* Debug */,
				B55FF6B0214A4CE8003676DD /* Release */,
			);
			defaultConfigurationIsVisible = 0;
			defaultConfigurationName = Release;
		};
		B55FF6B1214A4CE8003676DD /* Build configuration list for PBXNativeTarget "orecon" */ = {
			isa = XCConfigurationList;
			buildConfigurations = (
				B55FF6B2214A4CE8003676DD /* Debug */,
				B55FF6B3214A4CE8003676DD /* Release */,
			);
			defaultConfigurationIsVisible = 0;
			defaultConfigurationName = Release;
		};
		B55FF6B4214A4CE8003676DD /* Build configuration list for PBXNativeTarget "oreconTests" */ = {
			isa = XCConfigurationList;
			buildConfigurations = (
				B55FF6B5214A4CE8003676DD /* Debug */,
				B55FF6B6214A4CE8003676DD /* Release */,
			);
			defaultConfigurationIsVisible = 0;
			defaultConfigurationName = Release;
		};
		B55FF6B7214A4CE8003676DD /* Build configuration list for PBXNativeTarget "oreconUITests" */ = {
			isa = XCConfigurationList;
			buildConfigurations = (
				B55FF6B8214A4CE8003676DD /* Debug */,
				B55FF6B9214A4CE8003676DD /* Release */,
			);
			defaultConfigurationIsVisible = 0;
			defaultConfigurationName = Release;
		};
/* End XCConfigurationList section */
	};
	rootObject = B55FF681214A4CE5003676DD /* Project object */;
}
